
Microsoft Visual Studio Solution File, Format Version 12.00
# Visual Studio 2012
Project("{E24C65DC-7377-472B-9ABA-BC803B73C61A}") = "Ass", "Ass\", "{0BA425A0-C171-492D-9C1D-43501F4E6E53}"
	ProjectSection(WebsiteProperties) = preProject
		TargetFrameworkMoniker = ".NETFramework,Version%3Dv4.0"
		Debug.AspNetCompiler.VirtualPath = "/Ass"
		Debug.AspNetCompiler.PhysicalPath = "..\..\..\..\Downloads\Ass\Ass\"
		Debug.AspNetCompiler.TargetPath = "PrecompiledWeb\Ass\"
		Debug.AspNetCompiler.Updateable = "true"
		Debug.AspNetCompiler.ForceOverwrite = "true"
		Debug.AspNetCompiler.FixedNames = "false"
		Debug.AspNetCompiler.Debug = "True"
		Release.AspNetCompiler.VirtualPath = "/Ass"
		Release.AspNetCompiler.PhysicalPath = "..\..\..\..\Downloads\Ass\Ass\"
		Release.AspNetCompiler.TargetPath = "PrecompiledWeb\Ass\"
		Release.AspNetCompiler.Updateable = "true"
		Release.AspNetCompiler.ForceOverwrite = "true"
		Release.AspNetCompiler.FixedNames = "false"
		Release.AspNetCompiler.Debug = "False"
		VWDPort = "12765"
	EndProjectSection
EndProject
Global
	GlobalSection(SolutionConfigurationPlatforms) = preSolution
		Debug|Any CPU = Debug|Any CPU
	EndGlobalSection
	GlobalSection(ProjectConfigurationPlatforms) = postSolution
		{0BA425A0-C171-492D-9C1D-43501F4E6E53}.Debug|Any CPU.ActiveCfg = Debug|Any CPU
		{0BA425A0-C171-492D-9C1D-43501F4E6E53}.Debug|Any CPU.Build.0 = Debug|Any CPU
	EndGlobalSection
	GlobalSection(SolutionProperties) = preSolution
		HideSolutionNode = FALSE
	EndGlobalSection
EndGlobal
